
Microsoft Visual Studio Solution File, Format Version 12.00
# Visual Studio Version 17
VisualStudioVersion = 17.14.37301.10 d17.14
MinimumVisualStudioVersion = 10.0.40219.1
Project("{FAE04EC0-301F-11D3-BF4B-00C04F79EFBC}") = "ToDoWebApp", "ToDoWebApp\ToDoWebApp.csproj", "{FE26AC1D-037A-4630-BE12-65E9E0261DB9}"
EndProject
Global
	GlobalSection(SolutionConfigurationPlatforms) = preSolution
		Debug|Any CPU = Debug|Any CPU
		Release|Any CPU = Release|Any CPU
	EndGlobalSection
	GlobalSection(ProjectConfigurationPlatforms) = postSolution
		{FE26AC1D-037A-4630-BE12-65E9E0261DB9}.Debug|Any CPU.ActiveCfg = Debug|Any CPU
		{FE26AC1D-037A-4630-BE12-65E9E0261DB9}.Debug|Any CPU.Build.0 = Debug|Any CPU
		{FE26AC1D-037A-4630-BE12-65E9E0261DB9}.Release|Any CPU.ActiveCfg = Release|Any CPU
		{FE26AC1D-037A-4630-BE12-65E9E0261DB9}.Release|Any CPU.Build.0 = Release|Any CPU
	EndGlobalSection
	GlobalSection(SolutionProperties) = preSolution
		HideSolutionNode = FALSE
	EndGlobalSection
	GlobalSection(ExtensibilityGlobals) = postSolution
		SolutionGuid = {5104FAD6-833A-4B01-B9FA-B5452ED15748}
	EndGlobalSection
EndGlobal
